
Microsoft Visual Studio Solution File, Format Version 12.00
# Visual Studio Version 16
VisualStudioVersion = 16.0.33927.289
MinimumVisualStudioVersion = 10.0.40219.1
Project("{FAE04EC0-301F-11D3-BF4B-00C04F79EFBC}") = "DatabaseFirst_Customers_CodebaseTest", "DatabaseFirst_Customers_CodebaseTest\DatabaseFirst_Customers_CodebaseTest.csproj", "{19594114-B004-4A47-8DE5-BE9781B9C445}"
EndProject
Global
	GlobalSection(SolutionConfigurationPlatforms) = preSolution
		Debug|Any CPU = Debug|Any CPU
		Release|Any CPU = Release|Any CPU
	EndGlobalSection
	GlobalSection(ProjectConfigurationPlatforms) = postSolution
		{19594114-B004-4A47-8DE5-BE9781B9C445}.Debug|Any CPU.ActiveCfg = Debug|Any CPU
		{19594114-B004-4A47-8DE5-BE9781B9C445}.Debug|Any CPU.Build.0 = Debug|Any CPU
		{19594114-B004-4A47-8DE5-BE9781B9C445}.Release|Any CPU.ActiveCfg = Release|Any CPU
		{19594114-B004-4A47-8DE5-BE9781B9C445}.Release|Any CPU.Build.0 = Release|Any CPU
	EndGlobalSection
	GlobalSection(SolutionProperties) = preSolution
		HideSolutionNode = FALSE
	EndGlobalSection
	GlobalSection(ExtensibilityGlobals) = postSolution
		SolutionGuid = {F8F0EC20-9F78-46B6-82F9-91D7B4DE44A7}
	EndGlobalSection
EndGlobal
