
Microsoft Visual Studio Solution File, Format Version 12.00
# Visual Studio Version 16
VisualStudioVersion = 16.0.33927.289
MinimumVisualStudioVersion = 10.0.40219.1
Project("{FAE04EC0-301F-11D3-BF4B-00C04F79EFBC}") = "FactoryPattern", "FactoryPattern\FactoryPattern.csproj", "{CBFB0701-7B4E-49DB-BA0B-E0BB5CE7B511}"
EndProject
Global
	GlobalSection(SolutionConfigurationPlatforms) = preSolution
		Debug|Any CPU = Debug|Any CPU
		Release|Any CPU = Release|Any CPU
	EndGlobalSection
	GlobalSection(ProjectConfigurationPlatforms) = postSolution
		{CBFB0701-7B4E-49DB-BA0B-E0BB5CE7B511}.Debug|Any CPU.ActiveCfg = Debug|Any CPU
		{CBFB0701-7B4E-49DB-BA0B-E0BB5CE7B511}.Debug|Any CPU.Build.0 = Debug|Any CPU
		{CBFB0701-7B4E-49DB-BA0B-E0BB5CE7B511}.Release|Any CPU.ActiveCfg = Release|Any CPU
		{CBFB0701-7B4E-49DB-BA0B-E0BB5CE7B511}.Release|Any CPU.Build.0 = Release|Any CPU
	EndGlobalSection
	GlobalSection(SolutionProperties) = preSolution
		HideSolutionNode = FALSE
	EndGlobalSection
	GlobalSection(ExtensibilityGlobals) = postSolution
		SolutionGuid = {F0A099FF-643F-48E0-8BD3-29FEF24594DD}
	EndGlobalSection
EndGlobal
